
Microsoft Visual Studio Solution File, Format Version 12.00
# Visual Studio Express 2013 for Windows Desktop
VisualStudioVersion = 12.0.31101.0
MinimumVisualStudioVersion = 10.0.40219.1
Project("{FAE04EC0-301F-11D3-BF4B-00C04F79EFBC}") = "ME3Script", "ME3Script\ME3Script.csproj", "{99D2B129-E7B1-4F4D-8554-D6514A29925B}"
EndProject
Project("{FAE04EC0-301F-11D3-BF4B-00C04F79EFBC}") = "Tests", "Tests\Tests.csproj", "{2D0124FA-FF01-44B5-9119-9ECBCED10A61}"
	ProjectSection(ProjectDependencies) = postProject
		{99D2B129-E7B1-4F4D-8554-D6514A29925B} = {99D2B129-E7B1-4F4D-8554-D6514A29925B}
	EndProjectSection
EndProject
Project("{FAE04EC0-301F-11D3-BF4B-00C04F79EFBC}") = "ME3Data", "ME3Data\ME3Data.csproj", "{13113AF5-8D67-4660-9C16-D2AD5A3DB5C8}"
EndProject
Global
	GlobalSection(SolutionConfigurationPlatforms) = preSolution
		Debug|Any CPU = Debug|Any CPU
		Release|Any CPU = Release|Any CPU
	EndGlobalSection
	GlobalSection(ProjectConfigurationPlatforms) = postSolution
		{99D2B129-E7B1-4F4D-8554-D6514A29925B}.Debug|Any CPU.ActiveCfg = Debug|Any CPU
		{99D2B129-E7B1-4F4D-8554-D6514A29925B}.Debug|Any CPU.Build.0 = Debug|Any CPU
		{99D2B129-E7B1-4F4D-8554-D6514A29925B}.Release|Any CPU.ActiveCfg = Release|Any CPU
		{99D2B129-E7B1-4F4D-8554-D6514A29925B}.Release|Any CPU.Build.0 = Release|Any CPU
		{2D0124FA-FF01-44B5-9119-9ECBCED10A61}.Debug|Any CPU.ActiveCfg = Debug|Any CPU
		{2D0124FA-FF01-44B5-9119-9ECBCED10A61}.Debug|Any CPU.Build.0 = Debug|Any CPU
		{2D0124FA-FF01-44B5-9119-9ECBCED10A61}.Release|Any CPU.ActiveCfg = Release|Any CPU
		{2D0124FA-FF01-44B5-9119-9ECBCED10A61}.Release|Any CPU.Build.0 = Release|Any CPU
		{13113AF5-8D67-4660-9C16-D2AD5A3DB5C8}.Debug|Any CPU.ActiveCfg = Debug|Any CPU
		{13113AF5-8D67-4660-9C16-D2AD5A3DB5C8}.Debug|Any CPU.Build.0 = Debug|Any CPU
		{13113AF5-8D67-4660-9C16-D2AD5A3DB5C8}.Release|Any CPU.ActiveCfg = Release|Any CPU
		{13113AF5-8D67-4660-9C16-D2AD5A3DB5C8}.Release|Any CPU.Build.0 = Release|Any CPU
	EndGlobalSection
	GlobalSection(SolutionProperties) = preSolution
		HideSolutionNode = FALSE
	EndGlobalSection
EndGlobal
